
Microsoft Visual Studio Solution File, Format Version 12.00
# Visual Studio Version 17
VisualStudioVersion = 17.8.34511.84
MinimumVisualStudioVersion = 10.0.40219.1
Project("{2150E333-8FDC-42A3-9474-1A3956D46DE8}") = "APIGateway", "APIGateway", "{FD22F193-690D-4297-95E6-415B21DAAC34}"
EndProject
Project("{2150E333-8FDC-42A3-9474-1A3956D46DE8}") = "Microservices", "Microservices", "{16F1BD26-2B06-43CE-9208-920E4508F320}"
EndProject
Project("{2150E333-8FDC-42A3-9474-1A3956D46DE8}") = "Common", "Common", "{A4228C0F-CF0A-4C8D-BBC7-21854BC31E49}"
EndProject
Project("{9A19103F-16F7-4668-BE54-9A1E7A4F7556}") = "APIGateway", "APIGateway\APIGateway.csproj", "{B67D4058-A689-43C8-BD05-4989A9517988}"
EndProject
Project("{2150E333-8FDC-42A3-9474-1A3956D46DE8}") = "CET", "CET", "{1DC78746-33DF-41C2-A7D4-44355DBB8EB1}"
EndProject
Project("{9A19103F-16F7-4668-BE54-9A1E7A4F7556}") = "CET.API", "CET.API\CET.API.csproj", "{747E3B64-1112-4F9A-AEB4-E950F5BBBE21}"
EndProject
Project("{9A19103F-16F7-4668-BE54-9A1E7A4F7556}") = "CET.Service", "CET.Service\CET.Service.csproj", "{9C76BE4B-3AD6-48A2-8F56-BDEB5E6CC944}"
EndProject
Project("{2150E333-8FDC-42A3-9474-1A3956D46DE8}") = "Customer", "Customer", "{37FF2982-7DB0-448F-B772-ABA3188F0BED}"
EndProject
Project("{9A19103F-16F7-4668-BE54-9A1E7A4F7556}") = "Customer.API", "Customer.API\Customer.API.csproj", "{BADF086F-CD7F-40D9-968F-1A59057804AA}"
EndProject
Project("{FAE04EC0-301F-11D3-BF4B-00C04F79EFBC}") = "Core.Domain", "Core.Domain\Core.Domain.csproj", "{81DE06E9-47F4-4D25-908B-89C786AA51A0}"
EndProject
Project("{FAE04EC0-301F-11D3-BF4B-00C04F79EFBC}") = "Core.Repository", "Core.Repository\Core.Repository.csproj", "{8F5813C4-3C16-4D89-8EBA-AEFD0518A436}"
EndProject
Project("{FAE04EC0-301F-11D3-BF4B-00C04F79EFBC}") = "Core.Utility", "Core.Utility\Core.Utility.csproj", "{60BF0185-2126-47FB-BDA9-0B93D3B2F22B}"
EndProject
Project("{FAE04EC0-301F-11D3-BF4B-00C04F79EFBC}") = "Core.Service", "Core.Service\Core.Service.csproj", "{6753A037-B658-4C9B-9636-32AFFF9EB13B}"
EndProject
Global
	GlobalSection(SolutionConfigurationPlatforms) = preSolution
		Debug|Any CPU = Debug|Any CPU
		Release|Any CPU = Release|Any CPU
	EndGlobalSection
	GlobalSection(ProjectConfigurationPlatforms) = postSolution
		{B67D4058-A689-43C8-BD05-4989A9517988}.Debug|Any CPU.ActiveCfg = Debug|Any CPU
		{B67D4058-A689-43C8-BD05-4989A9517988}.Debug|Any CPU.Build.0 = Debug|Any CPU
		{B67D4058-A689-43C8-BD05-4989A9517988}.Release|Any CPU.ActiveCfg = Release|Any CPU
		{B67D4058-A689-43C8-BD05-4989A9517988}.Release|Any CPU.Build.0 = Release|Any CPU
		{747E3B64-1112-4F9A-AEB4-E950F5BBBE21}.Debug|Any CPU.ActiveCfg = Debug|Any CPU
		{747E3B64-1112-4F9A-AEB4-E950F5BBBE21}.Debug|Any CPU.Build.0 = Debug|Any CPU
		{747E3B64-1112-4F9A-AEB4-E950F5BBBE21}.Release|Any CPU.ActiveCfg = Release|Any CPU
		{747E3B64-1112-4F9A-AEB4-E950F5BBBE21}.Release|Any CPU.Build.0 = Release|Any CPU
		{9C76BE4B-3AD6-48A2-8F56-BDEB5E6CC944}.Debug|Any CPU.ActiveCfg = Debug|Any CPU
		{9C76BE4B-3AD6-48A2-8F56-BDEB5E6CC944}.Debug|Any CPU.Build.0 = Debug|Any CPU
		{9C76BE4B-3AD6-48A2-8F56-BDEB5E6CC944}.Release|Any CPU.ActiveCfg = Release|Any CPU
		{9C76BE4B-3AD6-48A2-8F56-BDEB5E6CC944}.Release|Any CPU.Build.0 = Release|Any CPU
		{BADF086F-CD7F-40D9-968F-1A59057804AA}.Debug|Any CPU.ActiveCfg = Debug|Any CPU
		{BADF086F-CD7F-40D9-968F-1A59057804AA}.Debug|Any CPU.Build.0 = Debug|Any CPU
		{BADF086F-CD7F-40D9-968F-1A59057804AA}.Release|Any CPU.ActiveCfg = Release|Any CPU
		{BADF086F-CD7F-40D9-968F-1A59057804AA}.Release|Any CPU.Build.0 = Release|Any CPU
		{81DE06E9-47F4-4D25-908B-89C786AA51A0}.Debug|Any CPU.ActiveCfg = Debug|Any CPU
		{81DE06E9-47F4-4D25-908B-89C786AA51A0}.Debug|Any CPU.Build.0 = Debug|Any CPU
		{81DE06E9-47F4-4D25-908B-89C786AA51A0}.Release|Any CPU.ActiveCfg = Release|Any CPU
		{81DE06E9-47F4-4D25-908B-89C786AA51A0}.Release|Any CPU.Build.0 = Release|Any CPU
		{8F5813C4-3C16-4D89-8EBA-AEFD0518A436}.Debug|Any CPU.ActiveCfg = Debug|Any CPU
		{8F5813C4-3C16-4D89-8EBA-AEFD0518A436}.Debug|Any CPU.Build.0 = Debug|Any CPU
		{8F5813C4-3C16-4D89-8EBA-AEFD0518A436}.Release|Any CPU.ActiveCfg = Release|Any CPU
		{8F5813C4-3C16-4D89-8EBA-AEFD0518A436}.Release|Any CPU.Build.0 = Release|Any CPU
		{60BF0185-2126-47FB-BDA9-0B93D3B2F22B}.Debug|Any CPU.ActiveCfg = Debug|Any CPU
		{60BF0185-2126-47FB-BDA9-0B93D3B2F22B}.Debug|Any CPU.Build.0 = Debug|Any CPU
		{60BF0185-2126-47FB-BDA9-0B93D3B2F22B}.Release|Any CPU.ActiveCfg = Release|Any CPU
		{60BF0185-2126-47FB-BDA9-0B93D3B2F22B}.Release|Any CPU.Build.0 = Release|Any CPU
		{6753A037-B658-4C9B-9636-32AFFF9EB13B}.Debug|Any CPU.ActiveCfg = Debug|Any CPU
		{6753A037-B658-4C9B-9636-32AFFF9EB13B}.Debug|Any CPU.Build.0 = Debug|Any CPU
		{6753A037-B658-4C9B-9636-32AFFF9EB13B}.Release|Any CPU.ActiveCfg = Release|Any CPU
		{6753A037-B658-4C9B-9636-32AFFF9EB13B}.Release|Any CPU.Build.0 = Release|Any CPU
	EndGlobalSection
	GlobalSection(SolutionProperties) = preSolution
		HideSolutionNode = FALSE
	EndGlobalSection
	GlobalSection(NestedProjects) = preSolution
		{B67D4058-A689-43C8-BD05-4989A9517988} = {FD22F193-690D-4297-95E6-415B21DAAC34}
		{1DC78746-33DF-41C2-A7D4-44355DBB8EB1} = {16F1BD26-2B06-43CE-9208-920E4508F320}
		{747E3B64-1112-4F9A-AEB4-E950F5BBBE21} = {1DC78746-33DF-41C2-A7D4-44355DBB8EB1}
		{9C76BE4B-3AD6-48A2-8F56-BDEB5E6CC944} = {1DC78746-33DF-41C2-A7D4-44355DBB8EB1}
		{37FF2982-7DB0-448F-B772-ABA3188F0BED} = {16F1BD26-2B06-43CE-9208-920E4508F320}
		{BADF086F-CD7F-40D9-968F-1A59057804AA} = {37FF2982-7DB0-448F-B772-ABA3188F0BED}
		{81DE06E9-47F4-4D25-908B-89C786AA51A0} = {A4228C0F-CF0A-4C8D-BBC7-21854BC31E49}
		{8F5813C4-3C16-4D89-8EBA-AEFD0518A436} = {A4228C0F-CF0A-4C8D-BBC7-21854BC31E49}
		{60BF0185-2126-47FB-BDA9-0B93D3B2F22B} = {A4228C0F-CF0A-4C8D-BBC7-21854BC31E49}
		{6753A037-B658-4C9B-9636-32AFFF9EB13B} = {A4228C0F-CF0A-4C8D-BBC7-21854BC31E49}
	EndGlobalSection
	GlobalSection(ExtensibilityGlobals) = postSolution
		SolutionGuid = {39BA5AC0-0AC3-4F15-A813-9FCD0BBC65FA}
	EndGlobalSection
EndGlobal
